// !$*UTF8*$!
{
	archiveVersion = 1;
	classes = {
	};
	objectVersion = 56;
	objects = {

/* Begin PBXBuildFile section */
		257393AA29A629FD00261EE4 /* UsersStaticData.json in Resources */ = {isa = PBXBuildFile; fileRef = 257393A929A629FD00261EE4 /* UsersStaticData.json */; };
		257393AC29A62B0000261EE4 /* SingleUserData.json in Resources */ = {isa = PBXBuildFile; fileRef = 257393AB29A62B0000261EE4 /* SingleUserData.json */; };
		257393AE29A62E6600261EE4 /* UserDetailResponse.swift in Sources */ = {isa = PBXBuildFile; fileRef = 257393AD29A62E6600261EE4 /* UserDetailResponse.swift */; };
		257393B029A6302400261EE4 /* UsersResponse.swift in Sources */ = {isa = PBXBuildFile; fileRef = 257393AF29A6302400261EE4 /* UsersResponse.swift */; };
		257393B329A6321E00261EE4 /* Models.swift in Sources */ = {isa = PBXBuildFile; fileRef = 257393B229A6321E00261EE4 /* Models.swift */; };
		257393B629A6331200261EE4 /* StaticJSONMapper.swift in Sources */ = {isa = PBXBuildFile; fileRef = 257393B529A6331200261EE4 /* StaticJSONMapper.swift */; };
		25E8A30F29A5918000F68C9D /* temp.swift in Sources */ = {isa = PBXBuildFile; fileRef = 25E8A30E29A5918000F68C9D /* temp.swift */; };
		25FD92B729A5894800E5DBD6 /* TakeHome_v1App.swift in Sources */ = {isa = PBXBuildFile; fileRef = 25FD92B629A5894800E5DBD6 /* TakeHome_v1App.swift */; };
		25FD92B929A5894800E5DBD6 /* ContentView.swift in Sources */ = {isa = PBXBuildFile; fileRef = 25FD92B829A5894800E5DBD6 /* ContentView.swift */; };
		25FD92BB29A5894900E5DBD6 /* Assets.xcassets in Resources */ = {isa = PBXBuildFile; fileRef = 25FD92BA29A5894900E5DBD6 /* Assets.xcassets */; };
		25FD92BE29A5894900E5DBD6 /* Preview Assets.xcassets in Resources */ = {isa = PBXBuildFile; fileRef = 25FD92BD29A5894900E5DBD6 /* Preview Assets.xcassets */; };
		25FD92C529A5895B00E5DBD6 /* Symbols.swift in Sources */ = {isa = PBXBuildFile; fileRef = 25FD92C429A5895B00E5DBD6 /* Symbols.swift */; };
		25FD92C829A58A0700E5DBD6 /* Theme.swift in Sources */ = {isa = PBXBuildFile; fileRef = 25FD92C729A58A0700E5DBD6 /* Theme.swift */; };
/* End PBXBuildFile section */

/* Begin PBXFileReference section */
		257393A929A629FD00261EE4 /* UsersStaticData.json */ = {isa = PBXFileReference; lastKnownFileType = text.json; path = UsersStaticData.json; sourceTree = "<group>"; };
		257393AB29A62B0000261EE4 /* SingleUserData.json */ = {isa = PBXFileReference; lastKnownFileType = text.json; path = SingleUserData.json; sourceTree = "<group>"; };
		257393AD29A62E6600261EE4 /* UserDetailResponse.swift */ = {isa = PBXFileReference; lastKnownFileType = sourcecode.swift; name = UserDetailResponse.swift; path = "TakeHome-v1/Resources/JSON/UserDetailResponse.swift"; sourceTree = SOURCE_ROOT; };
		257393AF29A6302400261EE4 /* UsersResponse.swift */ = {isa = PBXFileReference; lastKnownFileType = sourcecode.swift; name = UsersResponse.swift; path = "TakeHome-v1/Resources/JSON/UsersResponse.swift"; sourceTree = SOURCE_ROOT; };
		257393B229A6321E00261EE4 /* Models.swift */ = {isa = PBXFileReference; lastKnownFileType = sourcecode.swift; path = Models.swift; sourceTree = "<group>"; };
		257393B529A6331200261EE4 /* StaticJSONMapper.swift */ = {isa = PBXFileReference; lastKnownFileType = sourcecode.swift; path = StaticJSONMapper.swift; sourceTree = "<group>"; };
		25E8A30E29A5918000F68C9D /* temp.swift */ = {isa = PBXFileReference; lastKnownFileType = sourcecode.swift; path = temp.swift; sourceTree = "<group>"; };
		25FD92B329A5894800E5DBD6 /* TakeHome-v1.app */ = {isa = PBXFileReference; explicitFileType = wrapper.application; includeInIndex = 0; path = "TakeHome-v1.app"; sourceTree = BUILT_PRODUCTS_DIR; };
		25FD92B629A5894800E5DBD6 /* TakeHome_v1App.swift */ = {isa = PBXFileReference; lastKnownFileType = sourcecode.swift; path = TakeHome_v1App.swift; sourceTree = "<group>"; };
		25FD92B829A5894800E5DBD6 /* ContentView.swift */ = {isa = PBXFileReference; lastKnownFileType = sourcecode.swift; path = ContentView.swift; sourceTree = "<group>"; };
		25FD92BA29A5894900E5DBD6 /* Assets.xcassets */ = {isa = PBXFileReference; lastKnownFileType = folder.assetcatalog; path = Assets.xcassets; sourceTree = "<group>"; };
		25FD92BD29A5894900E5DBD6 /* Preview Assets.xcassets */ = {isa = PBXFileReference; lastKnownFileType = folder.assetcatalog; path = "Preview Assets.xcassets"; sourceTree = "<group>"; };
		25FD92C429A5895B00E5DBD6 /* Symbols.swift */ = {isa = PBXFileReference; lastKnownFileType = sourcecode.swift; path = Symbols.swift; sourceTree = "<group>"; };
		25FD92C729A58A0700E5DBD6 /* Theme.swift */ = {isa = PBXFileReference; lastKnownFileType = sourcecode.swift; path = Theme.swift; sourceTree = "<group>"; };
/* End PBXFileReference section */

/* Begin PBXFrameworksBuildPhase section */
		25FD92B029A5894800E5DBD6 /* Frameworks */ = {
			isa = PBXFrameworksBuildPhase;
			buildActionMask = 2147483647;
			files = (
			);
			runOnlyForDeploymentPostprocessing = 0;
		};
/* End PBXFrameworksBuildPhase section */

/* Begin PBXGroup section */
		257393A829A6298700261EE4 /* JSON */ = {
			isa = PBXGroup;
			children = (
				257393A929A629FD00261EE4 /* UsersStaticData.json */,
				257393AB29A62B0000261EE4 /* SingleUserData.json */,
			);
			path = JSON;
			sourceTree = "<group>";
		};
		257393B129A6321300261EE4 /* Models */ = {
			isa = PBXGroup;
			children = (
				257393B229A6321E00261EE4 /* Models.swift */,
			);
			path = Models;
			sourceTree = "<group>";
		};
		257393B429A6330000261EE4 /* Mapper */ = {
			isa = PBXGroup;
			children = (
				257393B529A6331200261EE4 /* StaticJSONMapper.swift */,
			);
			path = Mapper;
			sourceTree = "<group>";
		};
		25E8A2FD29A58F9800F68C9D /* Features */ = {
			isa = PBXGroup;
			children = (
				25E8A30029A58FC900F68C9D /* Detail */,
				25E8A30129A58FD300F68C9D /* Create */,
				25E8A2FF29A58FB700F68C9D /* People */,
				25E8A30229A58FDA00F68C9D /* Settings */,
			);
			path = Features;
			sourceTree = "<group>";
		};
		25E8A2FE29A58FA100F68C9D /* Base */ = {
			isa = PBXGroup;
			children = (
				257393B429A6330000261EE4 /* Mapper */,
				257393B129A6321300261EE4 /* Models */,
				25E8A30D29A5904D00F68C9D /* Views */,
			);
			path = Base;
			sourceTree = "<group>";
		};
		25E8A2FF29A58FB700F68C9D /* People */ = {
			isa = PBXGroup;
			children = (
				25E8A30529A5900100F68C9D /* Views */,
				25E8A30429A58FFA00F68C9D /* Model */,
				25E8A30329A58FF200F68C9D /* ViewModel */,
			);
			path = People;
			sourceTree = "<group>";
		};
		25E8A30029A58FC900F68C9D /* Detail */ = {
			isa = PBXGroup;
			children = (
				25E8A30829A5901A00F68C9D /* Views */,
				25E8A30729A5901100F68C9D /* Model */,
				25E8A30629A5900900F68C9D /* ViewModel */,
			);
			path = Detail;
			sourceTree = "<group>";
		};
		25E8A30129A58FD300F68C9D /* Create */ = {
			isa = PBXGroup;
			children = (
				25E8A30B29A5903F00F68C9D /* Views */,
				25E8A30A29A5903700F68C9D /* Model */,
				25E8A30929A5902100F68C9D /* ViewModel */,
			);
			path = Create;
			sourceTree = "<group>";
		};
		25E8A30229A58FDA00F68C9D /* Settings */ = {
			isa = PBXGroup;
			children = (
				25E8A30C29A5904600F68C9D /* Views */,
			);
			path = Settings;
			sourceTree = "<group>";
		};
		25E8A30329A58FF200F68C9D /* ViewModel */ = {
			isa = PBXGroup;
			children = (
			);
			path = ViewModel;
			sourceTree = "<group>";
		};
		25E8A30429A58FFA00F68C9D /* Model */ = {
			isa = PBXGroup;
			children = (
				257393AF29A6302400261EE4 /* UsersResponse.swift */,
			);
			path = Model;
			sourceTree = "<group>";
		};
		25E8A30529A5900100F68C9D /* Views */ = {
			isa = PBXGroup;
			children = (
				25E8A30E29A5918000F68C9D /* temp.swift */,
			);
			path = Views;
			sourceTree = "<group>";
		};
		25E8A30629A5900900F68C9D /* ViewModel */ = {
			isa = PBXGroup;
			children = (
			);
			path = ViewModel;
			sourceTree = "<group>";
		};
		25E8A30729A5901100F68C9D /* Model */ = {
			isa = PBXGroup;
			children = (
				257393AD29A62E6600261EE4 /* UserDetailResponse.swift */,
			);
			path = Model;
			sourceTree = "<group>";
		};
		25E8A30829A5901A00F68C9D /* Views */ = {
			isa = PBXGroup;
			children = (
			);
			path = Views;
			sourceTree = "<group>";
		};
		25E8A30929A5902100F68C9D /* ViewModel */ = {
			isa = PBXGroup;
			children = (
			);
			path = ViewModel;
			sourceTree = "<group>";
		};
		25E8A30A29A5903700F68C9D /* Model */ = {
			isa = PBXGroup;
			children = (
			);
			path = Model;
			sourceTree = "<group>";
		};
		25E8A30B29A5903F00F68C9D /* Views */ = {
			isa = PBXGroup;
			children = (
			);
			path = Views;
			sourceTree = "<group>";
		};
		25E8A30C29A5904600F68C9D /* Views */ = {
			isa = PBXGroup;
			children = (
			);
			path = Views;
			sourceTree = "<group>";
		};
		25E8A30D29A5904D00F68C9D /* Views */ = {
			isa = PBXGroup;
			children = (
			);
			path = Views;
			sourceTree = "<group>";
		};
		25FD92AA29A5894800E5DBD6 = {
			isa = PBXGroup;
			children = (
				25FD92B529A5894800E5DBD6 /* TakeHome-v1 */,
				25FD92B429A5894800E5DBD6 /* Products */,
			);
			sourceTree = "<group>";
		};
		25FD92B429A5894800E5DBD6 /* Products */ = {
			isa = PBXGroup;
			children = (
				25FD92B329A5894800E5DBD6 /* TakeHome-v1.app */,
			);
			name = Products;
			sourceTree = "<group>";
		};
		25FD92B529A5894800E5DBD6 /* TakeHome-v1 */ = {
			isa = PBXGroup;
			children = (
				25E8A2FD29A58F9800F68C9D /* Features */,
				25E8A2FE29A58FA100F68C9D /* Base */,
				25FD92C629A589ED00E5DBD6 /* Resources */,
				25FD92B629A5894800E5DBD6 /* TakeHome_v1App.swift */,
				25FD92B829A5894800E5DBD6 /* ContentView.swift */,
				25FD92BA29A5894900E5DBD6 /* Assets.xcassets */,
				25FD92BC29A5894900E5DBD6 /* Preview Content */,
			);
			path = "TakeHome-v1";
			sourceTree = "<group>";
		};
		25FD92BC29A5894900E5DBD6 /* Preview Content */ = {
			isa = PBXGroup;
			children = (
				25FD92BD29A5894900E5DBD6 /* Preview Assets.xcassets */,
			);
			path = "Preview Content";
			sourceTree = "<group>";
		};
		25FD92C629A589ED00E5DBD6 /* Resources */ = {
			isa = PBXGroup;
			children = (
				257393A829A6298700261EE4 /* JSON */,
				25FD92C429A5895B00E5DBD6 /* Symbols.swift */,
				25FD92C729A58A0700E5DBD6 /* Theme.swift */,
			);
			path = Resources;
			sourceTree = "<group>";
		};
/* End PBXGroup section */

/* Begin PBXNativeTarget section */
		25FD92B229A5894800E5DBD6 /* TakeHome-v1 */ = {
			isa = PBXNativeTarget;
			buildConfigurationList = 25FD92C129A5894900E5DBD6 /* Build configuration list for PBXNativeTarget "TakeHome-v1" */;
			buildPhases = (
				25FD92AF29A5894800E5DBD6 /* Sources */,
				25FD92B029A5894800E5DBD6 /* Frameworks */,
				25FD92B129A5894800E5DBD6 /* Resources */,
			);
			buildRules = (
			);
			dependencies = (
			);
			name = "TakeHome-v1";
			productName = "TakeHome-v1";
			productReference = 25FD92B329A5894800E5DBD6 /* TakeHome-v1.app */;
			productType = "com.apple.product-type.application";
		};
/* End PBXNativeTarget section */

/* Begin PBXProject section */
		25FD92AB29A5894800E5DBD6 /* Project object */ = {
			isa = PBXProject;
			attributes = {
				BuildIndependentTargetsInParallel = 1;
				LastSwiftUpdateCheck = 1420;
				LastUpgradeCheck = 1420;
				TargetAttributes = {
					25FD92B229A5894800E5DBD6 = {
						CreatedOnToolsVersion = 14.2;
					};
				};
			};
			buildConfigurationList = 25FD92AE29A5894800E5DBD6 /* Build configuration list for PBXProject "TakeHome-v1" */;
			compatibilityVersion = "Xcode 14.0";
			developmentRegion = en;
			hasScannedForEncodings = 0;
			knownRegions = (
				en,
				Base,
			);
			mainGroup = 25FD92AA29A5894800E5DBD6;
			productRefGroup = 25FD92B429A5894800E5DBD6 /* Products */;
			projectDirPath = "";
			projectRoot = "";
			targets = (
				25FD92B229A5894800E5DBD6 /* TakeHome-v1 */,
			);
		};
/* End PBXProject section */

/* Begin PBXResourcesBuildPhase section */
		25FD92B129A5894800E5DBD6 /* Resources */ = {
			isa = PBXResourcesBuildPhase;
			buildActionMask = 2147483647;
			files = (
				25FD92BE29A5894900E5DBD6 /* Preview Assets.xcassets in Resources */,
				25FD92BB29A5894900E5DBD6 /* Assets.xcassets in Resources */,
				257393AC29A62B0000261EE4 /* SingleUserData.json in Resources */,
				257393AA29A629FD00261EE4 /* UsersStaticData.json in Resources */,
			);
			runOnlyForDeploymentPostprocessing = 0;
		};
/* End PBXResourcesBuildPhase section */

/* Begin PBXSourcesBuildPhase section */
		25FD92AF29A5894800E5DBD6 /* Sources */ = {
			isa = PBXSourcesBuildPhase;
			buildActionMask = 2147483647;
			files = (
				25FD92C529A5895B00E5DBD6 /* Symbols.swift in Sources */,
				25FD92C829A58A0700E5DBD6 /* Theme.swift in Sources */,
				257393B629A6331200261EE4 /* StaticJSONMapper.swift in Sources */,
				25FD92B929A5894800E5DBD6 /* ContentView.swift in Sources */,
				257393B329A6321E00261EE4 /* Models.swift in Sources */,
				25FD92B729A5894800E5DBD6 /* TakeHome_v1App.swift in Sources */,
				257393B029A6302400261EE4 /* UsersResponse.swift in Sources */,
				257393AE29A62E6600261EE4 /* UserDetailResponse.swift in Sources */,
				25E8A30F29A5918000F68C9D /* temp.swift in Sources */,
			);
			runOnlyForDeploymentPostprocessing = 0;
		};
/* End PBXSourcesBuildPhase section */

/* Begin XCBuildConfiguration section */
		25FD92BF29A5894900E5DBD6 /* Debug */ = {
			isa = XCBuildConfiguration;
			buildSettings = {
				ALWAYS_SEARCH_USER_PATHS = NO;
				CLANG_ANALYZER_NONNULL = YES;
				CLANG_ANALYZER_NUMBER_OBJECT_CONVERSION = YES_AGGRESSIVE;
				CLANG_CXX_LANGUAGE_STANDARD = "gnu++20";
				CLANG_ENABLE_MODULES = YES;
				CLANG_ENABLE_OBJC_ARC = YES;
				CLANG_ENABLE_OBJC_WEAK = YES;
				CLANG_WARN_BLOCK_CAPTURE_AUTORELEASING = YES;
				CLANG_WARN_BOOL_CONVERSION = YES;
				CLANG_WARN_COMMA = YES;
				CLANG_WARN_CONSTANT_CONVERSION = YES;
				CLANG_WARN_DEPRECATED_OBJC_IMPLEMENTATIONS = YES;
				CLANG_WARN_DIRECT_OBJC_ISA_USAGE = YES_ERROR;
				CLANG_WARN_DOCUMENTATION_COMMENTS = YES;
				CLANG_WARN_EMPTY_BODY = YES;
				CLANG_WARN_ENUM_CONVERSION = YES;
				CLANG_WARN_INFINITE_RECURSION = YES;
				CLANG_WARN_INT_CONVERSION = YES;
				CLANG_WARN_NON_LITERAL_NULL_CONVERSION = YES;
				CLANG_WARN_OBJC_IMPLICIT_RETAIN_SELF = YES;
				CLANG_WARN_OBJC_LITERAL_CONVERSION = YES;
				CLANG_WARN_OBJC_ROOT_CLASS = YES_ERROR;
				CLANG_WARN_QUOTED_INCLUDE_IN_FRAMEWORK_HEADER = YES;
				CLANG_WARN_RANGE_LOOP_ANALYSIS = YES;
				CLANG_WARN_STRICT_PROTOTYPES = YES;
				CLANG_WARN_SUSPICIOUS_MOVE = YES;
				CLANG_WARN_UNGUARDED_AVAILABILITY = YES_AGGRESSIVE;
				CLANG_WARN_UNREACHABLE_CODE = YES;
				CLANG_WARN__DUPLICATE_METHOD_MATCH = YES;
				COPY_PHASE_STRIP = NO;
				DEBUG_INFORMATION_FORMAT = dwarf;
				ENABLE_STRICT_OBJC_MSGSEND = YES;
				ENABLE_TESTABILITY = YES;
				GCC_C_LANGUAGE_STANDARD = gnu11;
				GCC_DYNAMIC_NO_PIC = NO;
				GCC_NO_COMMON_BLOCKS = YES;
				GCC_OPTIMIZATION_LEVEL = 0;
				GCC_PREPROCESSOR_DEFINITIONS = (
					"DEBUG=1",
					"$(inherited)",
				);
				GCC_WARN_64_TO_32_BIT_CONVERSION = YES;
				GCC_WARN_ABOUT_RETURN_TYPE = YES_ERROR;
				GCC_WARN_UNDECLARED_SELECTOR = YES;
				GCC_WARN_UNINITIALIZED_AUTOS = YES_AGGRESSIVE;
				GCC_WARN_UNUSED_FUNCTION = YES;
				GCC_WARN_UNUSED_VARIABLE = YES;
				IPHONEOS_DEPLOYMENT_TARGET = 16.2;
				MTL_ENABLE_DEBUG_INFO = INCLUDE_SOURCE;
				MTL_FAST_MATH = YES;
				ONLY_ACTIVE_ARCH = YES;
				SDKROOT = iphoneos;
				SWIFT_ACTIVE_COMPILATION_CONDITIONS = DEBUG;
				SWIFT_OPTIMIZATION_LEVEL = "-Onone";
			};
			name = Debug;
		};
		25FD92C029A5894900E5DBD6 /* Release */ = {
			isa = XCBuildConfiguration;
			buildSettings = {
				ALWAYS_SEARCH_USER_PATHS = NO;
				CLANG_ANALYZER_NONNULL = YES;
				CLANG_ANALYZER_NUMBER_OBJECT_CONVERSION = YES_AGGRESSIVE;
				CLANG_CXX_LANGUAGE_STANDARD = "gnu++20";
				CLANG_ENABLE_MODULES = YES;
				CLANG_ENABLE_OBJC_ARC = YES;
				CLANG_ENABLE_OBJC_WEAK = YES;
				CLANG_WARN_BLOCK_CAPTURE_AUTORELEASING = YES;
				CLANG_WARN_BOOL_CONVERSION = YES;
				CLANG_WARN_COMMA = YES;
				CLANG_WARN_CONSTANT_CONVERSION = YES;
				CLANG_WARN_DEPRECATED_OBJC_IMPLEMENTATIONS = YES;
				CLANG_WARN_DIRECT_OBJC_ISA_USAGE = YES_ERROR;
				CLANG_WARN_DOCUMENTATION_COMMENTS = YES;
				CLANG_WARN_EMPTY_BODY = YES;
				CLANG_WARN_ENUM_CONVERSION = YES;
				CLANG_WARN_INFINITE_RECURSION = YES;
				CLANG_WARN_INT_CONVERSION = YES;
				CLANG_WARN_NON_LITERAL_NULL_CONVERSION = YES;
				CLANG_WARN_OBJC_IMPLICIT_RETAIN_SELF = YES;
				CLANG_WARN_OBJC_LITERAL_CONVERSION = YES;
				CLANG_WARN_OBJC_ROOT_CLASS = YES_ERROR;
				CLANG_WARN_QUOTED_INCLUDE_IN_FRAMEWORK_HEADER = YES;
				CLANG_WARN_RANGE_LOOP_ANALYSIS = YES;
				CLANG_WARN_STRICT_PROTOTYPES = YES;
				CLANG_WARN_SUSPICIOUS_MOVE = YES;
				CLANG_WARN_UNGUARDED_AVAILABILITY = YES_AGGRESSIVE;
				CLANG_WARN_UNREACHABLE_CODE = YES;
				CLANG_WARN__DUPLICATE_METHOD_MATCH = YES;
				COPY_PHASE_STRIP = NO;
				DEBUG_INFORMATION_FORMAT = "dwarf-with-dsym";
				ENABLE_NS_ASSERTIONS = NO;
				ENABLE_STRICT_OBJC_MSGSEND = YES;
				GCC_C_LANGUAGE_STANDARD = gnu11;
				GCC_NO_COMMON_BLOCKS = YES;
				GCC_WARN_64_TO_32_BIT_CONVERSION = YES;
				GCC_WARN_ABOUT_RETURN_TYPE = YES_ERROR;
				GCC_WARN_UNDECLARED_SELECTOR = YES;
				GCC_WARN_UNINITIALIZED_AUTOS = YES_AGGRESSIVE;
				GCC_WARN_UNUSED_FUNCTION = YES;
				GCC_WARN_UNUSED_VARIABLE = YES;
				IPHONEOS_DEPLOYMENT_TARGET = 16.2;
				MTL_ENABLE_DEBUG_INFO = NO;
				MTL_FAST_MATH = YES;
				SDKROOT = iphoneos;
				SWIFT_COMPILATION_MODE = wholemodule;
				SWIFT_OPTIMIZATION_LEVEL = "-O";
				VALIDATE_PRODUCT = YES;
			};
			name = Release;
		};
		25FD92C229A5894900E5DBD6 /* Debug */ = {
			isa = XCBuildConfiguration;
			buildSettings = {
				ASSETCATALOG_COMPILER_APPICON_NAME = AppIcon;
				ASSETCATALOG_COMPILER_GLOBAL_ACCENT_COLOR_NAME = AccentColor;
				CODE_SIGN_STYLE = Automatic;
				CURRENT_PROJECT_VERSION = 1;
				DEVELOPMENT_ASSET_PATHS = "\"TakeHome-v1/Preview Content\"";
				DEVELOPMENT_TEAM = 6F8F5SWM7M;
				ENABLE_PREVIEWS = YES;
				GENERATE_INFOPLIST_FILE = YES;
				INFOPLIST_KEY_UIApplicationSceneManifest_Generation = YES;
				INFOPLIST_KEY_UIApplicationSupportsIndirectInputEvents = YES;
				INFOPLIST_KEY_UILaunchScreen_Generation = YES;
				INFOPLIST_KEY_UISupportedInterfaceOrientations_iPad = "UIInterfaceOrientationPortrait UIInterfaceOrientationPortraitUpsideDown UIInterfaceOrientationLandscapeLeft UIInterfaceOrientationLandscapeRight";
				INFOPLIST_KEY_UISupportedInterfaceOrientations_iPhone = "UIInterfaceOrientationPortrait UIInterfaceOrientationLandscapeLeft UIInterfaceOrientationLandscapeRight";
				LD_RUNPATH_SEARCH_PATHS = (
					"$(inherited)",
					"@executable_path/Frameworks",
				);
				MARKETING_VERSION = 1.0;
				PRODUCT_BUNDLE_IDENTIFIER = "com.mixinteractive.TakeHome-v1";
				PRODUCT_NAME = "$(TARGET_NAME)";
				SWIFT_EMIT_LOC_STRINGS = YES;
				SWIFT_VERSION = 5.0;
				TARGETED_DEVICE_FAMILY = "1,2";
			};
			name = Debug;
		};
		25FD92C329A5894900E5DBD6 /* Release */ = {
			isa = XCBuildConfiguration;
			buildSettings = {
				ASSETCATALOG_COMPILER_APPICON_NAME = AppIcon;
				ASSETCATALOG_COMPILER_GLOBAL_ACCENT_COLOR_NAME = AccentColor;
				CODE_SIGN_STYLE = Automatic;
				CURRENT_PROJECT_VERSION = 1;
				DEVELOPMENT_ASSET_PATHS = "\"TakeHome-v1/Preview Content\"";
				DEVELOPMENT_TEAM = 6F8F5SWM7M;
				ENABLE_PREVIEWS = YES;
				GENERATE_INFOPLIST_FILE = YES;
				INFOPLIST_KEY_UIApplicationSceneManifest_Generation = YES;
				INFOPLIST_KEY_UIApplicationSupportsIndirectInputEvents = YES;
				INFOPLIST_KEY_UILaunchScreen_Generation = YES;
				INFOPLIST_KEY_UISupportedInterfaceOrientations_iPad = "UIInterfaceOrientationPortrait UIInterfaceOrientationPortraitUpsideDown UIInterfaceOrientationLandscapeLeft UIInterfaceOrientationLandscapeRight";
				INFOPLIST_KEY_UISupportedInterfaceOrientations_iPhone = "UIInterfaceOrientationPortrait UIInterfaceOrientationLandscapeLeft UIInterfaceOrientationLandscapeRight";
				LD_RUNPATH_SEARCH_PATHS = (
					"$(inherited)",
					"@executable_path/Frameworks",
				);
				MARKETING_VERSION = 1.0;
				PRODUCT_BUNDLE_IDENTIFIER = "com.mixinteractive.TakeHome-v1";
				PRODUCT_NAME = "$(TARGET_NAME)";
				SWIFT_EMIT_LOC_STRINGS = YES;
				SWIFT_VERSION = 5.0;
				TARGETED_DEVICE_FAMILY = "1,2";
			};
			name = Release;
		};
/* End XCBuildConfiguration section */

/* Begin XCConfigurationList section */
		25FD92AE29A5894800E5DBD6 /* Build configuration list for PBXProject "TakeHome-v1" */ = {
			isa = XCConfigurationList;
			buildConfigurations = (
				25FD92BF29A5894900E5DBD6 /* Debug */,
				25FD92C029A5894900E5DBD6 /* Release */,
			);
			defaultConfigurationIsVisible = 0;
			defaultConfigurationName = Release;
		};
		25FD92C129A5894900E5DBD6 /* Build configuration list for PBXNativeTarget "TakeHome-v1" */ = {
			isa = XCConfigurationList;
			buildConfigurations = (
				25FD92C229A5894900E5DBD6 /* Debug */,
				25FD92C329A5894900E5DBD6 /* Release */,
			);
			defaultConfigurationIsVisible = 0;
			defaultConfigurationName = Release;
		};
/* End XCConfigurationList section */
	};
	rootObject = 25FD92AB29A5894800E5DBD6 /* Project object */;
}
